
Microsoft Visual Studio Solution File, Format Version 12.00
# Visual Studio Version 16
VisualStudioVersion = 16.0.29613.14
MinimumVisualStudioVersion = 10.0.40219.1
Project("{888888A0-9F3D-457C-B088-3A5042F75D52}") = "II", "II\II.pyproj", "{7B6DECF2-0A5A-4247-8931-420C4FFAC247}"
EndProject
Project("{2150E333-8FDC-42A3-9474-1A3956D46DE8}") = "Solution Items", "Solution Items", "{FC2B4F82-F725-4340-8107-6855F5ED9DA9}"
	ProjectSection(SolutionItems) = preProject
		II\sep.ps1 = II\sep.ps1
	EndProjectSection
EndProject
Global
	GlobalSection(SolutionConfigurationPlatforms) = preSolution
		Debug|Any CPU = Debug|Any CPU
		Release|Any CPU = Release|Any CPU
	EndGlobalSection
	GlobalSection(ProjectConfigurationPlatforms) = postSolution
		{7B6DECF2-0A5A-4247-8931-420C4FFAC247}.Debug|Any CPU.ActiveCfg = Debug|Any CPU
		{7B6DECF2-0A5A-4247-8931-420C4FFAC247}.Release|Any CPU.ActiveCfg = Release|Any CPU
	EndGlobalSection
	GlobalSection(SolutionProperties) = preSolution
		HideSolutionNode = FALSE
	EndGlobalSection
	GlobalSection(ExtensibilityGlobals) = postSolution
		SolutionGuid = {87865F06-CCEB-44B9-9C6E-BA7782DDA853}
	EndGlobalSection
EndGlobal
